
Microsoft Visual Studio Solution File, Format Version 12.00
# Visual Studio 15
VisualStudioVersion = 15.0.28307.1267
MinimumVisualStudioVersion = 10.0.40219.1
Project("{8BC9CEB8-8B4A-11D0-8D11-00A0C91BC942}") = "ConsoleApplication1", "ConsoleApplication1\ConsoleApplication1.vcxproj", "{FF400E7B-CC9A-4809-9FE5-FD51371AAC29}"
EndProject
Project("{8BC9CEB8-8B4A-11D0-8D11-00A0C91BC942}") = "UnitTest1", "UnitTest1\UnitTest1.vcxproj", "{3F577007-C74B-439D-8474-DC76AFE01439}"
EndProject
Global
	GlobalSection(SolutionConfigurationPlatforms) = preSolution
		Debug|x64 = Debug|x64
		Debug|x86 = Debug|x86
		Release|x64 = Release|x64
		Release|x86 = Release|x86
	EndGlobalSection
	GlobalSection(ProjectConfigurationPlatforms) = postSolution
		{FF400E7B-CC9A-4809-9FE5-FD51371AAC29}.Debug|x64.ActiveCfg = Debug|x64
		{FF400E7B-CC9A-4809-9FE5-FD51371AAC29}.Debug|x64.Build.0 = Debug|x64
		{FF400E7B-CC9A-4809-9FE5-FD51371AAC29}.Debug|x86.ActiveCfg = Debug|Win32
		{FF400E7B-CC9A-4809-9FE5-FD51371AAC29}.Debug|x86.Build.0 = Debug|Win32
		{FF400E7B-CC9A-4809-9FE5-FD51371AAC29}.Release|x64.ActiveCfg = Release|x64
		{FF400E7B-CC9A-4809-9FE5-FD51371AAC29}.Release|x64.Build.0 = Release|x64
		{FF400E7B-CC9A-4809-9FE5-FD51371AAC29}.Release|x86.ActiveCfg = Release|Win32
		{FF400E7B-CC9A-4809-9FE5-FD51371AAC29}.Release|x86.Build.0 = Release|Win32
		{3F577007-C74B-439D-8474-DC76AFE01439}.Debug|x64.ActiveCfg = Debug|x64
		{3F577007-C74B-439D-8474-DC76AFE01439}.Debug|x64.Build.0 = Debug|x64
		{3F577007-C74B-439D-8474-DC76AFE01439}.Debug|x86.ActiveCfg = Debug|Win32
		{3F577007-C74B-439D-8474-DC76AFE01439}.Debug|x86.Build.0 = Debug|Win32
		{3F577007-C74B-439D-8474-DC76AFE01439}.Release|x64.ActiveCfg = Release|x64
		{3F577007-C74B-439D-8474-DC76AFE01439}.Release|x64.Build.0 = Release|x64
		{3F577007-C74B-439D-8474-DC76AFE01439}.Release|x86.ActiveCfg = Release|Win32
		{3F577007-C74B-439D-8474-DC76AFE01439}.Release|x86.Build.0 = Release|Win32
	EndGlobalSection
	GlobalSection(SolutionProperties) = preSolution
		HideSolutionNode = FALSE
	EndGlobalSection
	GlobalSection(ExtensibilityGlobals) = postSolution
		SolutionGuid = {09F6318D-25B0-44CA-A4C1-7D0C37F4460B}
	EndGlobalSection
EndGlobal
